dependencies:
  espressif/cmake_utilities:
    component_hash: 7e20811092150b668a710cfbf43164721b23bac766811f4e68036450a3265fba
    dependencies:
    - name: idf
      require: private
      version: '>=4.1'
    source:
      registry_url: https://components.espressif.com/
      type: service
    version: 1.0.0
  idf:
    source:
      type: idf
    version: 5.5.0
direct_dependencies:
- espressif/cmake_utilities
- idf
manifest_hash: 6d556cd4e5b108ae28ef7352c93d24c13167426363617bdf279d5ed202b28074
target: esp32s3
version: 2.0.0
